%{
  "jose": {:hex, :jose, "1.11.2", "f4c018ccf4fdce22c71e44d471f15f723cb3efab5d909ab2ba202b5bf35557b3", [:mix, :rebar3], [], "hexpm", "98143fbc48d55f3a18daba82d34fe48959d44538e9697c08f34200fa5f0947d2"},
  "kitten_blue": {:hex, :kitten_blue, "0.5.0", "0701e8ba9ee6d8f1d90a36fcc0e80c0d9242664b40ec817d740c05d1ad5ed8d5", [:mix], [{:jason, "~> 1.2", [hex: :jason, repo: "hexpm", optional: true]}, {:jose, "~> 1.11", [hex: :jose, repo: "hexpm", optional: false]}, {:scratcher, "~> 0.1", [hex: :scratcher, repo: "hexpm", optional: false]}], "hexpm", "a9a988b97fa7c141ff8fee239bedd9b5ec4d4d4b878b9cbc1ee52897d82561d1"},
  "scratcher": {:hex, :scratcher, "0.1.1", "50ae0170c7564b81fc491dc8f7ed195371586df9e2f2d7981685815c2187c54b", [:mix], [], "hexpm", "0e83bef9c7f41d16bf196ca83e4798b9bf7b031fcb0ea5f4e2ba612f89352845"},
}
